
Microsoft Visual Studio Solution File, Format Version 12.00
# Visual Studio 2012
Project("{FAE04EC0-301F-11D3-BF4B-00C04F79EFBC}") = "RC-hobby-for-all", "RC-hobby-for-all\RC-hobby-for-all.csproj", "{EA538F7E-BF2A-484B-84AD-84F18EC3C092}"
EndProject
Global
	GlobalSection(SolutionConfigurationPlatforms) = preSolution
		Debug|Any CPU = Debug|Any CPU
		Release|Any CPU = Release|Any CPU
	EndGlobalSection
	GlobalSection(ProjectConfigurationPlatforms) = postSolution
		{EA538F7E-BF2A-484B-84AD-84F18EC3C092}.Debug|Any CPU.ActiveCfg = Debug|Any CPU
		{EA538F7E-BF2A-484B-84AD-84F18EC3C092}.Debug|Any CPU.Build.0 = Debug|Any CPU
		{EA538F7E-BF2A-484B-84AD-84F18EC3C092}.Release|Any CPU.ActiveCfg = Release|Any CPU
		{EA538F7E-BF2A-484B-84AD-84F18EC3C092}.Release|Any CPU.Build.0 = Release|Any CPU
	EndGlobalSection
	GlobalSection(SolutionProperties) = preSolution
		HideSolutionNode = FALSE
	EndGlobalSection
EndGlobal
